
Microsoft Visual Studio Solution File, Format Version 12.00
# Visual Studio 14
VisualStudioVersion = 14.0.25123.0
MinimumVisualStudioVersion = 10.0.40219.1
Project("{FAE04EC0-301F-11D3-BF4B-00C04F79EFBC}") = "N1.Core", "N1.Core\N1.Core.csproj", "{B60BEC6D-793E-4D77-A47C-C0FF6C5768F3}"
EndProject
Project("{FAE04EC0-301F-11D3-BF4B-00C04F79EFBC}") = "N1.IOS", "N1.IOS\N1.IOS.csproj", "{DD460E25-D7CA-4A31-8061-01D0495EC257}"
EndProject
Global
	GlobalSection(SolutionConfigurationPlatforms) = preSolution
		Ad-Hoc|Any CPU = Ad-Hoc|Any CPU
		Ad-Hoc|iPhone = Ad-Hoc|iPhone
		Ad-Hoc|iPhoneSimulator = Ad-Hoc|iPhoneSimulator
		AppStore|Any CPU = AppStore|Any CPU
		AppStore|iPhone = AppStore|iPhone
		AppStore|iPhoneSimulator = AppStore|iPhoneSimulator
		Debug|Any CPU = Debug|Any CPU
		Debug|iPhone = Debug|iPhone
		Debug|iPhoneSimulator = Debug|iPhoneSimulator
		Release|Any CPU = Release|Any CPU
		Release|iPhone = Release|iPhone
		Release|iPhoneSimulator = Release|iPhoneSimulator
	EndGlobalSection
	GlobalSection(ProjectConfigurationPlatforms) = postSolution
		{B60BEC6D-793E-4D77-A47C-C0FF6C5768F3}.Ad-Hoc|Any CPU.ActiveCfg = Release|Any CPU
		{B60BEC6D-793E-4D77-A47C-C0FF6C5768F3}.Ad-Hoc|Any CPU.Build.0 = Release|Any CPU
		{B60BEC6D-793E-4D77-A47C-C0FF6C5768F3}.Ad-Hoc|iPhone.ActiveCfg = Release|Any CPU
		{B60BEC6D-793E-4D77-A47C-C0FF6C5768F3}.Ad-Hoc|iPhone.Build.0 = Release|Any CPU
		{B60BEC6D-793E-4D77-A47C-C0FF6C5768F3}.Ad-Hoc|iPhoneSimulator.ActiveCfg = Release|Any CPU
		{B60BEC6D-793E-4D77-A47C-C0FF6C5768F3}.Ad-Hoc|iPhoneSimulator.Build.0 = Release|Any CPU
		{B60BEC6D-793E-4D77-A47C-C0FF6C5768F3}.AppStore|Any CPU.ActiveCfg = Release|Any CPU
		{B60BEC6D-793E-4D77-A47C-C0FF6C5768F3}.AppStore|Any CPU.Build.0 = Release|Any CPU
		{B60BEC6D-793E-4D77-A47C-C0FF6C5768F3}.AppStore|iPhone.ActiveCfg = Release|Any CPU
		{B60BEC6D-793E-4D77-A47C-C0FF6C5768F3}.AppStore|iPhone.Build.0 = Release|Any CPU
		{B60BEC6D-793E-4D77-A47C-C0FF6C5768F3}.AppStore|iPhoneSimulator.ActiveCfg = Release|Any CPU
		{B60BEC6D-793E-4D77-A47C-C0FF6C5768F3}.AppStore|iPhoneSimulator.Build.0 = Release|Any CPU
		{B60BEC6D-793E-4D77-A47C-C0FF6C5768F3}.Debug|Any CPU.ActiveCfg = Debug|Any CPU
		{B60BEC6D-793E-4D77-A47C-C0FF6C5768F3}.Debug|Any CPU.Build.0 = Debug|Any CPU
		{B60BEC6D-793E-4D77-A47C-C0FF6C5768F3}.Debug|iPhone.ActiveCfg = Debug|Any CPU
		{B60BEC6D-793E-4D77-A47C-C0FF6C5768F3}.Debug|iPhone.Build.0 = Debug|Any CPU
		{B60BEC6D-793E-4D77-A47C-C0FF6C5768F3}.Debug|iPhoneSimulator.ActiveCfg = Debug|Any CPU
		{B60BEC6D-793E-4D77-A47C-C0FF6C5768F3}.Debug|iPhoneSimulator.Build.0 = Debug|Any CPU
		{B60BEC6D-793E-4D77-A47C-C0FF6C5768F3}.Release|Any CPU.ActiveCfg = Release|Any CPU
		{B60BEC6D-793E-4D77-A47C-C0FF6C5768F3}.Release|Any CPU.Build.0 = Release|Any CPU
		{B60BEC6D-793E-4D77-A47C-C0FF6C5768F3}.Release|iPhone.ActiveCfg = Release|Any CPU
		{B60BEC6D-793E-4D77-A47C-C0FF6C5768F3}.Release|iPhone.Build.0 = Release|Any CPU
		{B60BEC6D-793E-4D77-A47C-C0FF6C5768F3}.Release|iPhoneSimulator.ActiveCfg = Release|Any CPU
		{B60BEC6D-793E-4D77-A47C-C0FF6C5768F3}.Release|iPhoneSimulator.Build.0 = Release|Any CPU
		{DD460E25-D7CA-4A31-8061-01D0495EC257}.Ad-Hoc|Any CPU.ActiveCfg = Ad-Hoc|iPhone
		{DD460E25-D7CA-4A31-8061-01D0495EC257}.Ad-Hoc|iPhone.ActiveCfg = Ad-Hoc|iPhone
		{DD460E25-D7CA-4A31-8061-01D0495EC257}.Ad-Hoc|iPhone.Build.0 = Ad-Hoc|iPhone
		{DD460E25-D7CA-4A31-8061-01D0495EC257}.Ad-Hoc|iPhoneSimulator.ActiveCfg = Ad-Hoc|iPhoneSimulator
		{DD460E25-D7CA-4A31-8061-01D0495EC257}.Ad-Hoc|iPhoneSimulator.Build.0 = Ad-Hoc|iPhoneSimulator
		{DD460E25-D7CA-4A31-8061-01D0495EC257}.AppStore|Any CPU.ActiveCfg = AppStore|iPhone
		{DD460E25-D7CA-4A31-8061-01D0495EC257}.AppStore|iPhone.ActiveCfg = AppStore|iPhone
		{DD460E25-D7CA-4A31-8061-01D0495EC257}.AppStore|iPhone.Build.0 = AppStore|iPhone
		{DD460E25-D7CA-4A31-8061-01D0495EC257}.AppStore|iPhoneSimulator.ActiveCfg = AppStore|iPhoneSimulator
		{DD460E25-D7CA-4A31-8061-01D0495EC257}.AppStore|iPhoneSimulator.Build.0 = AppStore|iPhoneSimulator
		{DD460E25-D7CA-4A31-8061-01D0495EC257}.Debug|Any CPU.ActiveCfg = Debug|iPhone
		{DD460E25-D7CA-4A31-8061-01D0495EC257}.Debug|iPhone.ActiveCfg = Debug|iPhone
		{DD460E25-D7CA-4A31-8061-01D0495EC257}.Debug|iPhone.Build.0 = Debug|iPhone
		{DD460E25-D7CA-4A31-8061-01D0495EC257}.Debug|iPhoneSimulator.ActiveCfg = Debug|iPhoneSimulator
		{DD460E25-D7CA-4A31-8061-01D0495EC257}.Debug|iPhoneSimulator.Build.0 = Debug|iPhoneSimulator
		{DD460E25-D7CA-4A31-8061-01D0495EC257}.Release|Any CPU.ActiveCfg = Release|iPhone
		{DD460E25-D7CA-4A31-8061-01D0495EC257}.Release|iPhone.ActiveCfg = Release|iPhone
		{DD460E25-D7CA-4A31-8061-01D0495EC257}.Release|iPhone.Build.0 = Release|iPhone
		{DD460E25-D7CA-4A31-8061-01D0495EC257}.Release|iPhoneSimulator.ActiveCfg = Release|iPhoneSimulator
		{DD460E25-D7CA-4A31-8061-01D0495EC257}.Release|iPhoneSimulator.Build.0 = Release|iPhoneSimulator
	EndGlobalSection
	GlobalSection(SolutionProperties) = preSolution
		HideSolutionNode = FALSE
	EndGlobalSection
EndGlobal
